Microsoft Visual Studio Solution File, Format Version 12.00
# Visual Studio 2012
Project("{FAE04EC0-301F-11D3-BF4B-00C04F79EFBC}") = "Card Auto Battle", "Card Auto Battle.csproj", "{05A649FA-812B-4EA0-8412-12C0C33C551D}"
EndProject
Global
	GlobalSection(SolutionConfigurationPlatforms) = preSolution
	Debug|Any CPU = Debug|Any CPU
	ExportDebug|Any CPU = ExportDebug|Any CPU
	ExportRelease|Any CPU = ExportRelease|Any CPU
	EndGlobalSection
	GlobalSection(ProjectConfigurationPlatforms) = postSolution
		{05A649FA-812B-4EA0-8412-12C0C33C551D}.Debug|Any CPU.ActiveCfg = Debug|Any CPU
		{05A649FA-812B-4EA0-8412-12C0C33C551D}.Debug|Any CPU.Build.0 = Debug|Any CPU
		{05A649FA-812B-4EA0-8412-12C0C33C551D}.ExportDebug|Any CPU.ActiveCfg = ExportDebug|Any CPU
		{05A649FA-812B-4EA0-8412-12C0C33C551D}.ExportDebug|Any CPU.Build.0 = ExportDebug|Any CPU
		{05A649FA-812B-4EA0-8412-12C0C33C551D}.ExportRelease|Any CPU.ActiveCfg = ExportRelease|Any CPU
		{05A649FA-812B-4EA0-8412-12C0C33C551D}.ExportRelease|Any CPU.Build.0 = ExportRelease|Any CPU
	EndGlobalSection
EndGlobal
